
Microsoft Visual Studio Solution File, Format Version 12.00
# Visual Studio Version 17
VisualStudioVersion = 17.14.36603.0 d17.14
MinimumVisualStudioVersion = 10.0.40219.1
Project("{FAE04EC0-301F-11D3-BF4B-00C04F79EFBC}") = "HotelListingAPI", "HotelListingAPI\HotelListingAPI.csproj", "{A9BA0AB1-FCD4-4158-8980-9A5A72B068A2}"
EndProject
Global
	GlobalSection(SolutionConfigurationPlatforms) = preSolution
		Debug|Any CPU = Debug|Any CPU
		Release|Any CPU = Release|Any CPU
	EndGlobalSection
	GlobalSection(ProjectConfigurationPlatforms) = postSolution
		{A9BA0AB1-FCD4-4158-8980-9A5A72B068A2}.Debug|Any CPU.ActiveCfg = Debug|Any CPU
		{A9BA0AB1-FCD4-4158-8980-9A5A72B068A2}.Debug|Any CPU.Build.0 = Debug|Any CPU
		{A9BA0AB1-FCD4-4158-8980-9A5A72B068A2}.Release|Any CPU.ActiveCfg = Release|Any CPU
		{A9BA0AB1-FCD4-4158-8980-9A5A72B068A2}.Release|Any CPU.Build.0 = Release|Any CPU
	EndGlobalSection
	GlobalSection(SolutionProperties) = preSolution
		HideSolutionNode = FALSE
	EndGlobalSection
	GlobalSection(ExtensibilityGlobals) = postSolution
		SolutionGuid = {4BEE8664-4535-41A0-B82C-45E201318E3D}
	EndGlobalSection
EndGlobal
