
Microsoft Visual Studio Solution File, Format Version 12.00
# Visual Studio Version 17
VisualStudioVersion = 17.14.36705.20 d17.14
MinimumVisualStudioVersion = 10.0.40219.1
Project("{FAE04EC0-301F-11D3-BF4B-00C04F79EFBC}") = "LeaveManagementSystem", "LeaveManagementSystem\LeaveManagementSystem.csproj", "{2B9D1C9B-5C0C-4080-AC14-8D8C2F5F3FA1}"
EndProject
Global
	GlobalSection(SolutionConfigurationPlatforms) = preSolution
		Debug|Any CPU = Debug|Any CPU
		Release|Any CPU = Release|Any CPU
	EndGlobalSection
	GlobalSection(ProjectConfigurationPlatforms) = postSolution
		{2B9D1C9B-5C0C-4080-AC14-8D8C2F5F3FA1}.Debug|Any CPU.ActiveCfg = Debug|Any CPU
		{2B9D1C9B-5C0C-4080-AC14-8D8C2F5F3FA1}.Debug|Any CPU.Build.0 = Debug|Any CPU
		{2B9D1C9B-5C0C-4080-AC14-8D8C2F5F3FA1}.Release|Any CPU.ActiveCfg = Release|Any CPU
		{2B9D1C9B-5C0C-4080-AC14-8D8C2F5F3FA1}.Release|Any CPU.Build.0 = Release|Any CPU
	EndGlobalSection
	GlobalSection(SolutionProperties) = preSolution
		HideSolutionNode = FALSE
	EndGlobalSection
	GlobalSection(ExtensibilityGlobals) = postSolution
		SolutionGuid = {5354782C-436F-408F-BC55-9E0680DFD4ED}
	EndGlobalSection
EndGlobal
